{
  "version": 4,
  "terraform_version": "1.3.6",
  "serial": 51,
  "lineage": "7f49330b-2807-3174-3508-fd8be996801c",
  "outputs": {
    "CI_SERVICE_ACCOUNT": {
      "value": "disco-github-actions-user@cloudy-demos.iam.gserviceaccount.com",
      "type": "string"
    },
    "IDENTITY_PROVIDER": {
      "value": "projects/799736955886/locations/global/workloadIdentityPools/disco-github-pool/providers/github-provider",
      "type": "string"
    },
    "PROJECT_ID": {
      "value": "cloudy-demos",
      "type": "string"
    },
    "REGISTRY_URI": {
      "value": "us-west1-docker.pkg.dev/cloudy-demos/disco",
      "type": "string"
    },
    "REPORT_BUCKET": {
      "value": "gs://disco-cloudy-demos",
      "type": "string"
    },
    "RUN_SERVICE_ACCOUNT": {
      "value": "disco-run-sa@cloudy-demos.iam.gserviceaccount.com",
      "type": "string"
    },
    "SERVICE_URL": {
      "value": "https://disco-pdznqybsqa-uw.a.run.app",
      "type": "string"
    },
    "SERVING_IMAGE": {
      "value": "us-west1-docker.pkg.dev/cloudy-demos/disco/disco:v0.4.1",
      "type": "string"
    }
  },
  "resources": [
    {
      "mode": "data",
      "type": "google_project",
      "name": "project",
      "provider": "provider[\"registry.terraform.io/hashicorp/google\"]",
      "instances": [
        {
          "schema_version": 0,
          "attributes": {
            "auto_create_network": null,
            "billing_account": "012277-6B07BD-0DEAFC",
            "folder_id": "",
            "id": "projects/cloudy-demos",
            "labels": {},
            "name": "cloudy-demos",
            "number": "799736955886",
            "org_id": "110572507568",
            "project_id": "cloudy-demos",
            "skip_delete": null
          },
          "sensitive_attributes": []
        }
      ]
    },
    {
      "mode": "data",
      "type": "template_file",
      "name": "version",
      "provider": "provider[\"registry.terraform.io/hashicorp/template\"]",
      "instances": [
        {
          "schema_version": 0,
          "attributes": {
            "filename": null,
            "id": "e8581a19bc1abb7b34cd7d9f5fea799798a4982f322424982ecb3d9287ca0be9",
            "rendered": "v0.4.1",
            "template": "v0.4.1",
            "vars": null
          },
          "sensitive_attributes": []
        }
      ]
    },
    {
      "mode": "managed",
      "type": "google_artifact_registry_repository",
      "name": "registry",
      "provider": "provider[\"registry.terraform.io/hashicorp/google-beta\"]",
      "instances": [
        {
          "index_key": 0,
          "schema_version": 0,
          "attributes": {
            "create_time": "2023-01-02T01:43:59.834800Z",
            "description": "disco artifacts registry",
            "format": "DOCKER",
            "id": "projects/cloudy-demos/locations/us-west1/repositories/disco",
            "kms_key_name": "",
            "labels": {},
            "location": "us-west1",
            "maven_config": [],
            "name": "disco",
            "project": "cloudy-demos",
            "repository_id": "disco",
            "timeouts": null,
            "update_time": "2023-01-02T01:43:59.834800Z"
          },
          "sensitive_attributes": [],
          "private": "eyJlMmJmYjczMC1lY2FhLTExZTYtOGY4OC0zNDM2M2JjN2M0YzAiOnsiY3JlYXRlIjoxMjAwMDAwMDAwMDAwLCJkZWxldGUiOjEyMDAwMDAwMDAwMDAsInVwZGF0ZSI6MTIwMDAwMDAwMDAwMH19"
        }
      ]
    },
    {
      "mode": "managed",
      "type": "google_artifact_registry_repository_iam_member",
      "name": "registry_role_binding",
      "provider": "provider[\"registry.terraform.io/hashicorp/google-beta\"]",
      "instances": [
        {
          "index_key": 0,
          "schema_version": 0,
          "attributes": {
            "condition": [],
            "etag": "BwXxPlP6nE4=",
            "id": "projects/cloudy-demos/locations/us-west1/repositories/disco/roles/artifactregistry.repoAdmin/serviceAccount:disco-github-actions-user@cloudy-demos.iam.gserviceaccount.com",
            "location": "us-west1",
            "member": "serviceAccount:disco-github-actions-user@cloudy-demos.iam.gserviceaccount.com",
            "project": "cloudy-demos",
            "repository": "projects/cloudy-demos/locations/us-west1/repositories/disco",
            "role": "roles/artifactregistry.repoAdmin"
          },
          "sensitive_attributes": [],
          "private": "bnVsbA==",
          "dependencies": [
            "google_artifact_registry_repository.registry",
            "google_service_account.github_actions_user"
          ]
        }
      ]
    },
    {
      "mode": "managed",
      "type": "google_cloud_run_service",
      "name": "app",
      "provider": "provider[\"registry.terraform.io/hashicorp/google\"]",
      "instances": [
        {
          "schema_version": 1,
          "attributes": {
            "autogenerate_revision_name": true,
            "id": "locations/us-west1/namespaces/cloudy-demos/services/disco",
            "location": "us-west1",
            "metadata": [
              {
                "annotations": {
                  "run.googleapis.com/client-name": "terraform",
                  "run.googleapis.com/ingress": "all",
                  "run.googleapis.com/ingress-status": "all",
                  "serving.knative.dev/creator": "mark@chmarny.com",
                  "serving.knative.dev/lastModifier": "mark@chmarny.com"
                },
                "generation": 1,
                "labels": {
                  "cloud.googleapis.com/location": "us-west1"
                },
                "namespace": "cloudy-demos",
                "resource_version": "AAXxPo9r/CA",
                "self_link": "/apis/serving.knative.dev/v1/namespaces/799736955886/services/disco",
                "uid": "7c6337eb-3a56-4f88-a1a1-d62c501bdf8f"
              }
            ],
            "name": "disco",
            "project": "cloudy-demos",
            "status": [
              {
                "conditions": [
                  {
                    "message": "",
                    "reason": "",
                    "status": "True",
                    "type": "Ready"
                  },
                  {
                    "message": "",
                    "reason": "",
                    "status": "True",
                    "type": "ConfigurationsReady"
                  },
                  {
                    "message": "",
                    "reason": "",
                    "status": "True",
                    "type": "RoutesReady"
                  }
                ],
                "latest_created_revision_name": "disco-hh7wc",
                "latest_ready_revision_name": "disco-hh7wc",
                "observed_generation": 1,
                "url": "https://disco-pdznqybsqa-uw.a.run.app"
              }
            ],
            "template": [
              {
                "metadata": [
                  {
                    "annotations": {
                      "autoscaling.knative.dev/maxScale": "3",
                      "run.googleapis.com/execution-environment": "gen2"
                    },
                    "generation": 0,
                    "labels": {},
                    "name": "",
                    "namespace": "",
                    "resource_version": "",
                    "self_link": "",
                    "uid": ""
                  }
                ],
                "spec": [
                  {
                    "container_concurrency": 80,
                    "containers": [
                      {
                        "args": [],
                        "command": [],
                        "env": [
                          {
                            "name": "ADDRESS",
                            "value": ":8080",
                            "value_from": []
                          },
                          {
                            "name": "GCS_BUCKET",
                            "value": "disco-cloudy-demos",
                            "value_from": []
                          },
                          {
                            "name": "PROJECT_ID",
                            "value": "cloudy-demos",
                            "value_from": []
                          }
                        ],
                        "env_from": [],
                        "image": "us-west1-docker.pkg.dev/cloudy-demos/disco/disco:v0.4.1",
                        "ports": [
                          {
                            "container_port": 8080,
                            "name": "http1",
                            "protocol": ""
                          }
                        ],
                        "resources": [
                          {
                            "limits": {
                              "cpu": "1000m",
                              "memory": "2Gi"
                            },
                            "requests": {}
                          }
                        ],
                        "volume_mounts": [],
                        "working_dir": ""
                      }
                    ],
                    "service_account_name": "disco-run-sa@cloudy-demos.iam.gserviceaccount.com",
                    "serving_state": "",
                    "timeout_seconds": 900,
                    "volumes": []
                  }
                ]
              }
            ],
            "timeouts": null,
            "traffic": [
              {
                "latest_revision": true,
                "percent": 100,
                "revision_name": "",
                "tag": "",
                "url": ""
              }
            ]
          },
          "sensitive_attributes": [],
          "private": "eyJlMmJmYjczMC1lY2FhLTExZTYtOGY4OC0zNDM2M2JjN2M0YzAiOnsiY3JlYXRlIjoxMjAwMDAwMDAwMDAwLCJkZWxldGUiOjEyMDAwMDAwMDAwMDAsInVwZGF0ZSI6MTIwMDAwMDAwMDAwMH0sInNjaGVtYV92ZXJzaW9uIjoiMSJ9",
          "dependencies": [
            "google_service_account.runner_service_account",
            "google_storage_bucket.report_bucket"
          ]
        }
      ]
    },
    {
      "mode": "managed",
      "type": "google_cloud_run_service_iam_member",
      "name": "app-access",
      "provider": "provider[\"registry.terraform.io/hashicorp/google\"]",
      "instances": [
        {
          "schema_version": 0,
          "attributes": {
            "condition": [],
            "etag": "BwXxPo+MCm0=",
            "id": "v1/projects/cloudy-demos/locations/us-west1/services/disco/roles/run.invoker/serviceAccount:disco-run-sa@cloudy-demos.iam.gserviceaccount.com",
            "location": "us-west1",
            "member": "serviceAccount:disco-run-sa@cloudy-demos.iam.gserviceaccount.com",
            "project": "cloudy-demos",
            "role": "roles/run.invoker",
            "service": "v1/projects/cloudy-demos/locations/us-west1/services/disco"
          },
          "sensitive_attributes": [],
          "private": "bnVsbA==",
          "dependencies": [
            "google_cloud_run_service.app",
            "google_service_account.runner_service_account",
            "google_storage_bucket.report_bucket"
          ]
        }
      ]
    },
    {
      "mode": "managed",
      "type": "google_cloud_scheduler_job",
      "name": "disco_refresh_job",
      "provider": "provider[\"registry.terraform.io/hashicorp/google\"]",
      "instances": [
        {
          "schema_version": 0,
          "attributes": {
            "app_engine_http_target": [],
            "attempt_deadline": "900s",
            "description": "Invokes Cloud Run service to run discovery",
            "http_target": [
              {
                "body": "",
                "headers": {},
                "http_method": "GET",
                "oauth_token": [],
                "oidc_token": [
                  {
                    "audience": "https://disco-pdznqybsqa-uw.a.run.app/disco",
                    "service_account_email": "disco-run-sa@cloudy-demos.iam.gserviceaccount.com"
                  }
                ],
                "uri": "https://disco-pdznqybsqa-uw.a.run.app/disco"
              }
            ],
            "id": "projects/cloudy-demos/locations/us-west1/jobs/disco-disco-refresh-job",
            "name": "disco-disco-refresh-job",
            "paused": false,
            "project": "cloudy-demos",
            "pubsub_target": [],
            "region": "us-west1",
            "retry_config": [
              {
                "max_backoff_duration": "3600s",
                "max_doublings": 5,
                "max_retry_duration": "0s",
                "min_backoff_duration": "5s",
                "retry_count": 1
              }
            ],
            "schedule": "42 */5 * * 0",
            "state": "ENABLED",
            "time_zone": "America/Los_Angeles",
            "timeouts": null
          },
          "sensitive_attributes": [],
          "private": "eyJlMmJmYjczMC1lY2FhLTExZTYtOGY4OC0zNDM2M2JjN2M0YzAiOnsiY3JlYXRlIjoxMjAwMDAwMDAwMDAwLCJkZWxldGUiOjEyMDAwMDAwMDAwMDAsInVwZGF0ZSI6MTIwMDAwMDAwMDAwMH19",
          "dependencies": [
            "google_cloud_run_service.app",
            "google_service_account.runner_service_account",
            "google_storage_bucket.report_bucket"
          ]
        }
      ]
    },
    {
      "mode": "managed",
      "type": "google_iam_workload_identity_pool",
      "name": "github_pool",
      "provider": "provider[\"registry.terraform.io/hashicorp/google-beta\"]",
      "instances": [
        {
          "index_key": 0,
          "schema_version": 0,
          "attributes": {
            "description": "",
            "disabled": false,
            "display_name": "",
            "id": "projects/cloudy-demos/locations/global/workloadIdentityPools/disco-github-pool",
            "name": "projects/799736955886/locations/global/workloadIdentityPools/disco-github-pool",
            "project": "cloudy-demos",
            "state": "ACTIVE",
            "timeouts": null,
            "workload_identity_pool_id": "disco-github-pool"
          },
          "sensitive_attributes": [],
          "private": "eyJlMmJmYjczMC1lY2FhLTExZTYtOGY4OC0zNDM2M2JjN2M0YzAiOnsiY3JlYXRlIjoxMjAwMDAwMDAwMDAwLCJkZWxldGUiOjEyMDAwMDAwMDAwMDAsInVwZGF0ZSI6MTIwMDAwMDAwMDAwMH19"
        }
      ]
    },
    {
      "mode": "managed",
      "type": "google_iam_workload_identity_pool_provider",
      "name": "github_provider",
      "provider": "provider[\"registry.terraform.io/hashicorp/google-beta\"]",
      "instances": [
        {
          "index_key": 0,
          "schema_version": 0,
          "attributes": {
            "attribute_condition": "",
            "attribute_mapping": {
              "attribute.actor": "assertion.actor",
              "attribute.aud": "assertion.aud",
              "attribute.repository": "assertion.repository",
              "google.subject": "assertion.sub"
            },
            "aws": [],
            "description": "",
            "disabled": false,
            "display_name": "",
            "id": "projects/cloudy-demos/locations/global/workloadIdentityPools/disco-github-pool/providers/github-provider",
            "name": "projects/799736955886/locations/global/workloadIdentityPools/disco-github-pool/providers/github-provider",
            "oidc": [
              {
                "allowed_audiences": [],
                "issuer_uri": "https://token.actions.githubusercontent.com"
              }
            ],
            "project": "cloudy-demos",
            "state": "ACTIVE",
            "timeouts": null,
            "workload_identity_pool_id": "disco-github-pool",
            "workload_identity_pool_provider_id": "github-provider"
          },
          "sensitive_attributes": [],
          "private": "eyJlMmJmYjczMC1lY2FhLTExZTYtOGY4OC0zNDM2M2JjN2M0YzAiOnsiY3JlYXRlIjoxMjAwMDAwMDAwMDAwLCJkZWxldGUiOjEyMDAwMDAwMDAwMDAsInVwZGF0ZSI6MTIwMDAwMDAwMDAwMH19",
          "dependencies": [
            "google_iam_workload_identity_pool.github_pool"
          ]
        }
      ]
    },
    {
      "mode": "managed",
      "type": "google_project_iam_member",
      "name": "ci_role_bindings",
      "provider": "provider[\"registry.terraform.io/hashicorp/google\"]",
      "instances": [
        {
          "index_key": "roles/artifactregistry.writer",
          "schema_version": 0,
          "attributes": {
            "condition": [],
            "etag": "BwXxPhYgNdU=",
            "id": "cloudy-demos/roles/artifactregistry.writer/serviceAccount:disco-run-sa@cloudy-demos.iam.gserviceaccount.com",
            "member": "serviceAccount:disco-run-sa@cloudy-demos.iam.gserviceaccount.com",
            "project": "cloudy-demos",
            "role": "roles/artifactregistry.writer"
          },
          "sensitive_attributes": [],
          "private": "bnVsbA==",
          "dependencies": [
            "google_service_account.runner_service_account"
          ]
        },
        {
          "index_key": "roles/cloudkms.cryptoKeyEncrypterDecrypter",
          "schema_version": 0,
          "attributes": {
            "condition": [],
            "etag": "BwXxPhYgNdU=",
            "id": "cloudy-demos/roles/cloudkms.cryptoKeyEncrypterDecrypter/serviceAccount:disco-run-sa@cloudy-demos.iam.gserviceaccount.com",
            "member": "serviceAccount:disco-run-sa@cloudy-demos.iam.gserviceaccount.com",
            "project": "cloudy-demos",
            "role": "roles/cloudkms.cryptoKeyEncrypterDecrypter"
          },
          "sensitive_attributes": [],
          "private": "bnVsbA==",
          "dependencies": [
            "google_service_account.runner_service_account"
          ]
        },
        {
          "index_key": "roles/cloudkms.signerVerifier",
          "schema_version": 0,
          "attributes": {
            "condition": [],
            "etag": "BwXxPhYgNdU=",
            "id": "cloudy-demos/roles/cloudkms.signerVerifier/serviceAccount:disco-run-sa@cloudy-demos.iam.gserviceaccount.com",
            "member": "serviceAccount:disco-run-sa@cloudy-demos.iam.gserviceaccount.com",
            "project": "cloudy-demos",
            "role": "roles/cloudkms.signerVerifier"
          },
          "sensitive_attributes": [],
          "private": "bnVsbA==",
          "dependencies": [
            "google_service_account.runner_service_account"
          ]
        },
        {
          "index_key": "roles/cloudkms.viewer",
          "schema_version": 0,
          "attributes": {
            "condition": [],
            "etag": "BwXxPhYgNdU=",
            "id": "cloudy-demos/roles/cloudkms.viewer/serviceAccount:disco-run-sa@cloudy-demos.iam.gserviceaccount.com",
            "member": "serviceAccount:disco-run-sa@cloudy-demos.iam.gserviceaccount.com",
            "project": "cloudy-demos",
            "role": "roles/cloudkms.viewer"
          },
          "sensitive_attributes": [],
          "private": "bnVsbA==",
          "dependencies": [
            "google_service_account.runner_service_account"
          ]
        },
        {
          "index_key": "roles/viewer",
          "schema_version": 0,
          "attributes": {
            "condition": [],
            "etag": "BwXxPhYgNdU=",
            "id": "cloudy-demos/roles/viewer/serviceAccount:disco-run-sa@cloudy-demos.iam.gserviceaccount.com",
            "member": "serviceAccount:disco-run-sa@cloudy-demos.iam.gserviceaccount.com",
            "project": "cloudy-demos",
            "role": "roles/viewer"
          },
          "sensitive_attributes": [],
          "private": "bnVsbA==",
          "dependencies": [
            "google_service_account.runner_service_account"
          ]
        }
      ]
    },
    {
      "mode": "managed",
      "type": "google_project_iam_member",
      "name": "runner_role_bindings",
      "provider": "provider[\"registry.terraform.io/hashicorp/google\"]",
      "instances": [
        {
          "index_key": "roles/artifactregistry.writer",
          "schema_version": 0,
          "attributes": {
            "condition": [],
            "etag": "BwXxPhYgNdU=",
            "id": "cloudy-demos/roles/artifactregistry.writer/serviceAccount:disco-run-sa@cloudy-demos.iam.gserviceaccount.com",
            "member": "serviceAccount:disco-run-sa@cloudy-demos.iam.gserviceaccount.com",
            "project": "cloudy-demos",
            "role": "roles/artifactregistry.writer"
          },
          "sensitive_attributes": [],
          "private": "bnVsbA==",
          "dependencies": [
            "google_service_account.runner_service_account"
          ]
        },
        {
          "index_key": "roles/browser",
          "schema_version": 0,
          "attributes": {
            "condition": [],
            "etag": "BwXxPhYgNdU=",
            "id": "cloudy-demos/roles/browser/serviceAccount:disco-run-sa@cloudy-demos.iam.gserviceaccount.com",
            "member": "serviceAccount:disco-run-sa@cloudy-demos.iam.gserviceaccount.com",
            "project": "cloudy-demos",
            "role": "roles/browser"
          },
          "sensitive_attributes": [],
          "private": "bnVsbA==",
          "dependencies": [
            "google_service_account.runner_service_account"
          ]
        },
        {
          "index_key": "roles/containeranalysis.notes.attacher",
          "schema_version": 0,
          "attributes": {
            "condition": [],
            "etag": "BwXxPhYgNdU=",
            "id": "cloudy-demos/roles/containeranalysis.notes.attacher/serviceAccount:disco-run-sa@cloudy-demos.iam.gserviceaccount.com",
            "member": "serviceAccount:disco-run-sa@cloudy-demos.iam.gserviceaccount.com",
            "project": "cloudy-demos",
            "role": "roles/containeranalysis.notes.attacher"
          },
          "sensitive_attributes": [],
          "private": "bnVsbA==",
          "dependencies": [
            "google_service_account.runner_service_account"
          ]
        },
        {
          "index_key": "roles/iam.serviceAccountTokenCreator",
          "schema_version": 0,
          "attributes": {
            "condition": [],
            "etag": "BwXxPhYgNdU=",
            "id": "cloudy-demos/roles/iam.serviceAccountTokenCreator/serviceAccount:disco-run-sa@cloudy-demos.iam.gserviceaccount.com",
            "member": "serviceAccount:disco-run-sa@cloudy-demos.iam.gserviceaccount.com",
            "project": "cloudy-demos",
            "role": "roles/iam.serviceAccountTokenCreator"
          },
          "sensitive_attributes": [],
          "private": "bnVsbA==",
          "dependencies": [
            "google_service_account.runner_service_account"
          ]
        },
        {
          "index_key": "roles/monitoring.metricWriter",
          "schema_version": 0,
          "attributes": {
            "condition": [],
            "etag": "BwXxPhYgNdU=",
            "id": "cloudy-demos/roles/monitoring.metricWriter/serviceAccount:disco-run-sa@cloudy-demos.iam.gserviceaccount.com",
            "member": "serviceAccount:disco-run-sa@cloudy-demos.iam.gserviceaccount.com",
            "project": "cloudy-demos",
            "role": "roles/monitoring.metricWriter"
          },
          "sensitive_attributes": [],
          "private": "bnVsbA==",
          "dependencies": [
            "google_service_account.runner_service_account"
          ]
        },
        {
          "index_key": "roles/run.viewer",
          "schema_version": 0,
          "attributes": {
            "condition": [],
            "etag": "BwXxPhYgNdU=",
            "id": "cloudy-demos/roles/run.viewer/serviceAccount:disco-run-sa@cloudy-demos.iam.gserviceaccount.com",
            "member": "serviceAccount:disco-run-sa@cloudy-demos.iam.gserviceaccount.com",
            "project": "cloudy-demos",
            "role": "roles/run.viewer"
          },
          "sensitive_attributes": [],
          "private": "bnVsbA==",
          "dependencies": [
            "google_service_account.runner_service_account"
          ]
        },
        {
          "index_key": "roles/storage.objectCreator",
          "schema_version": 0,
          "attributes": {
            "condition": [],
            "etag": "BwXxPhYgNdU=",
            "id": "cloudy-demos/roles/storage.objectCreator/serviceAccount:disco-run-sa@cloudy-demos.iam.gserviceaccount.com",
            "member": "serviceAccount:disco-run-sa@cloudy-demos.iam.gserviceaccount.com",
            "project": "cloudy-demos",
            "role": "roles/storage.objectCreator"
          },
          "sensitive_attributes": [],
          "private": "bnVsbA==",
          "dependencies": [
            "google_service_account.runner_service_account"
          ]
        },
        {
          "index_key": "roles/storage.objectViewer",
          "schema_version": 0,
          "attributes": {
            "condition": [],
            "etag": "BwXxPhYgNdU=",
            "id": "cloudy-demos/roles/storage.objectViewer/serviceAccount:disco-run-sa@cloudy-demos.iam.gserviceaccount.com",
            "member": "serviceAccount:disco-run-sa@cloudy-demos.iam.gserviceaccount.com",
            "project": "cloudy-demos",
            "role": "roles/storage.objectViewer"
          },
          "sensitive_attributes": [],
          "private": "bnVsbA==",
          "dependencies": [
            "google_service_account.runner_service_account"
          ]
        },
        {
          "index_key": "roles/viewer",
          "schema_version": 0,
          "attributes": {
            "condition": [],
            "etag": "BwXxPhYgNdU=",
            "id": "cloudy-demos/roles/viewer/serviceAccount:disco-run-sa@cloudy-demos.iam.gserviceaccount.com",
            "member": "serviceAccount:disco-run-sa@cloudy-demos.iam.gserviceaccount.com",
            "project": "cloudy-demos",
            "role": "roles/viewer"
          },
          "sensitive_attributes": [],
          "private": "bnVsbA==",
          "dependencies": [
            "google_service_account.runner_service_account"
          ]
        }
      ]
    },
    {
      "mode": "managed",
      "type": "google_project_service",
      "name": "default",
      "provider": "provider[\"registry.terraform.io/hashicorp/google\"]",
      "instances": [
        {
          "index_key": "artifactregistry.googleapis.com",
          "schema_version": 0,
          "attributes": {
            "disable_dependent_services": null,
            "disable_on_destroy": false,
            "id": "cloudy-demos/artifactregistry.googleapis.com",
            "project": "cloudy-demos",
            "service": "artifactregistry.googleapis.com",
            "timeouts": null
          },
          "sensitive_attributes": [],
          "private": "eyJlMmJmYjczMC1lY2FhLTExZTYtOGY4OC0zNDM2M2JjN2M0YzAiOnsiY3JlYXRlIjoxMjAwMDAwMDAwMDAwLCJkZWxldGUiOjEyMDAwMDAwMDAwMDAsInJlYWQiOjYwMDAwMDAwMDAwMCwidXBkYXRlIjoxMjAwMDAwMDAwMDAwfX0="
        },
        {
          "index_key": "binaryauthorization.googleapis.com",
          "schema_version": 0,
          "attributes": {
            "disable_dependent_services": null,
            "disable_on_destroy": false,
            "id": "cloudy-demos/binaryauthorization.googleapis.com",
            "project": "cloudy-demos",
            "service": "binaryauthorization.googleapis.com",
            "timeouts": null
          },
          "sensitive_attributes": [],
          "private": "eyJlMmJmYjczMC1lY2FhLTExZTYtOGY4OC0zNDM2M2JjN2M0YzAiOnsiY3JlYXRlIjoxMjAwMDAwMDAwMDAwLCJkZWxldGUiOjEyMDAwMDAwMDAwMDAsInJlYWQiOjYwMDAwMDAwMDAwMCwidXBkYXRlIjoxMjAwMDAwMDAwMDAwfX0="
        },
        {
          "index_key": "cloudkms.googleapis.com",
          "schema_version": 0,
          "attributes": {
            "disable_dependent_services": null,
            "disable_on_destroy": false,
            "id": "cloudy-demos/cloudkms.googleapis.com",
            "project": "cloudy-demos",
            "service": "cloudkms.googleapis.com",
            "timeouts": null
          },
          "sensitive_attributes": [],
          "private": "eyJlMmJmYjczMC1lY2FhLTExZTYtOGY4OC0zNDM2M2JjN2M0YzAiOnsiY3JlYXRlIjoxMjAwMDAwMDAwMDAwLCJkZWxldGUiOjEyMDAwMDAwMDAwMDAsInJlYWQiOjYwMDAwMDAwMDAwMCwidXBkYXRlIjoxMjAwMDAwMDAwMDAwfX0="
        },
        {
          "index_key": "cloudresourcemanager.googleapis.com",
          "schema_version": 0,
          "attributes": {
            "disable_dependent_services": null,
            "disable_on_destroy": false,
            "id": "cloudy-demos/cloudresourcemanager.googleapis.com",
            "project": "cloudy-demos",
            "service": "cloudresourcemanager.googleapis.com",
            "timeouts": null
          },
          "sensitive_attributes": [],
          "private": "eyJlMmJmYjczMC1lY2FhLTExZTYtOGY4OC0zNDM2M2JjN2M0YzAiOnsiY3JlYXRlIjoxMjAwMDAwMDAwMDAwLCJkZWxldGUiOjEyMDAwMDAwMDAwMDAsInJlYWQiOjYwMDAwMDAwMDAwMCwidXBkYXRlIjoxMjAwMDAwMDAwMDAwfX0="
        },
        {
          "index_key": "cloudscheduler.googleapis.com",
          "schema_version": 0,
          "attributes": {
            "disable_dependent_services": null,
            "disable_on_destroy": false,
            "id": "cloudy-demos/cloudscheduler.googleapis.com",
            "project": "cloudy-demos",
            "service": "cloudscheduler.googleapis.com",
            "timeouts": null
          },
          "sensitive_attributes": [],
          "private": "eyJlMmJmYjczMC1lY2FhLTExZTYtOGY4OC0zNDM2M2JjN2M0YzAiOnsiY3JlYXRlIjoxMjAwMDAwMDAwMDAwLCJkZWxldGUiOjEyMDAwMDAwMDAwMDAsInJlYWQiOjYwMDAwMDAwMDAwMCwidXBkYXRlIjoxMjAwMDAwMDAwMDAwfX0="
        },
        {
          "index_key": "container.googleapis.com",
          "schema_version": 0,
          "attributes": {
            "disable_dependent_services": null,
            "disable_on_destroy": false,
            "id": "cloudy-demos/container.googleapis.com",
            "project": "cloudy-demos",
            "service": "container.googleapis.com",
            "timeouts": null
          },
          "sensitive_attributes": [],
          "private": "eyJlMmJmYjczMC1lY2FhLTExZTYtOGY4OC0zNDM2M2JjN2M0YzAiOnsiY3JlYXRlIjoxMjAwMDAwMDAwMDAwLCJkZWxldGUiOjEyMDAwMDAwMDAwMDAsInJlYWQiOjYwMDAwMDAwMDAwMCwidXBkYXRlIjoxMjAwMDAwMDAwMDAwfX0="
        },
        {
          "index_key": "containerregistry.googleapis.com",
          "schema_version": 0,
          "attributes": {
            "disable_dependent_services": null,
            "disable_on_destroy": false,
            "id": "cloudy-demos/containerregistry.googleapis.com",
            "project": "cloudy-demos",
            "service": "containerregistry.googleapis.com",
            "timeouts": null
          },
          "sensitive_attributes": [],
          "private": "eyJlMmJmYjczMC1lY2FhLTExZTYtOGY4OC0zNDM2M2JjN2M0YzAiOnsiY3JlYXRlIjoxMjAwMDAwMDAwMDAwLCJkZWxldGUiOjEyMDAwMDAwMDAwMDAsInJlYWQiOjYwMDAwMDAwMDAwMCwidXBkYXRlIjoxMjAwMDAwMDAwMDAwfX0="
        },
        {
          "index_key": "containerscanning.googleapis.com",
          "schema_version": 0,
          "attributes": {
            "disable_dependent_services": null,
            "disable_on_destroy": false,
            "id": "cloudy-demos/containerscanning.googleapis.com",
            "project": "cloudy-demos",
            "service": "containerscanning.googleapis.com",
            "timeouts": null
          },
          "sensitive_attributes": [],
          "private": "eyJlMmJmYjczMC1lY2FhLTExZTYtOGY4OC0zNDM2M2JjN2M0YzAiOnsiY3JlYXRlIjoxMjAwMDAwMDAwMDAwLCJkZWxldGUiOjEyMDAwMDAwMDAwMDAsInJlYWQiOjYwMDAwMDAwMDAwMCwidXBkYXRlIjoxMjAwMDAwMDAwMDAwfX0="
        },
        {
          "index_key": "iam.googleapis.com",
          "schema_version": 0,
          "attributes": {
            "disable_dependent_services": null,
            "disable_on_destroy": false,
            "id": "cloudy-demos/iam.googleapis.com",
            "project": "cloudy-demos",
            "service": "iam.googleapis.com",
            "timeouts": null
          },
          "sensitive_attributes": [],
          "private": "eyJlMmJmYjczMC1lY2FhLTExZTYtOGY4OC0zNDM2M2JjN2M0YzAiOnsiY3JlYXRlIjoxMjAwMDAwMDAwMDAwLCJkZWxldGUiOjEyMDAwMDAwMDAwMDAsInJlYWQiOjYwMDAwMDAwMDAwMCwidXBkYXRlIjoxMjAwMDAwMDAwMDAwfX0="
        },
        {
          "index_key": "iamcredentials.googleapis.com",
          "schema_version": 0,
          "attributes": {
            "disable_dependent_services": null,
            "disable_on_destroy": false,
            "id": "cloudy-demos/iamcredentials.googleapis.com",
            "project": "cloudy-demos",
            "service": "iamcredentials.googleapis.com",
            "timeouts": null
          },
          "sensitive_attributes": [],
          "private": "eyJlMmJmYjczMC1lY2FhLTExZTYtOGY4OC0zNDM2M2JjN2M0YzAiOnsiY3JlYXRlIjoxMjAwMDAwMDAwMDAwLCJkZWxldGUiOjEyMDAwMDAwMDAwMDAsInJlYWQiOjYwMDAwMDAwMDAwMCwidXBkYXRlIjoxMjAwMDAwMDAwMDAwfX0="
        },
        {
          "index_key": "monitoring.googleapis.com",
          "schema_version": 0,
          "attributes": {
            "disable_dependent_services": null,
            "disable_on_destroy": false,
            "id": "cloudy-demos/monitoring.googleapis.com",
            "project": "cloudy-demos",
            "service": "monitoring.googleapis.com",
            "timeouts": null
          },
          "sensitive_attributes": [],
          "private": "eyJlMmJmYjczMC1lY2FhLTExZTYtOGY4OC0zNDM2M2JjN2M0YzAiOnsiY3JlYXRlIjoxMjAwMDAwMDAwMDAwLCJkZWxldGUiOjEyMDAwMDAwMDAwMDAsInJlYWQiOjYwMDAwMDAwMDAwMCwidXBkYXRlIjoxMjAwMDAwMDAwMDAwfX0="
        },
        {
          "index_key": "pubsub.googleapis.com",
          "schema_version": 0,
          "attributes": {
            "disable_dependent_services": null,
            "disable_on_destroy": false,
            "id": "cloudy-demos/pubsub.googleapis.com",
            "project": "cloudy-demos",
            "service": "pubsub.googleapis.com",
            "timeouts": null
          },
          "sensitive_attributes": [],
          "private": "eyJlMmJmYjczMC1lY2FhLTExZTYtOGY4OC0zNDM2M2JjN2M0YzAiOnsiY3JlYXRlIjoxMjAwMDAwMDAwMDAwLCJkZWxldGUiOjEyMDAwMDAwMDAwMDAsInJlYWQiOjYwMDAwMDAwMDAwMCwidXBkYXRlIjoxMjAwMDAwMDAwMDAwfX0="
        },
        {
          "index_key": "redis.googleapis.com",
          "schema_version": 0,
          "attributes": {
            "disable_dependent_services": null,
            "disable_on_destroy": false,
            "id": "cloudy-demos/redis.googleapis.com",
            "project": "cloudy-demos",
            "service": "redis.googleapis.com",
            "timeouts": null
          },
          "sensitive_attributes": [],
          "private": "eyJlMmJmYjczMC1lY2FhLTExZTYtOGY4OC0zNDM2M2JjN2M0YzAiOnsiY3JlYXRlIjoxMjAwMDAwMDAwMDAwLCJkZWxldGUiOjEyMDAwMDAwMDAwMDAsInJlYWQiOjYwMDAwMDAwMDAwMCwidXBkYXRlIjoxMjAwMDAwMDAwMDAwfX0="
        },
        {
          "index_key": "run.googleapis.com",
          "schema_version": 0,
          "attributes": {
            "disable_dependent_services": null,
            "disable_on_destroy": false,
            "id": "cloudy-demos/run.googleapis.com",
            "project": "cloudy-demos",
            "service": "run.googleapis.com",
            "timeouts": null
          },
          "sensitive_attributes": [],
          "private": "eyJlMmJmYjczMC1lY2FhLTExZTYtOGY4OC0zNDM2M2JjN2M0YzAiOnsiY3JlYXRlIjoxMjAwMDAwMDAwMDAwLCJkZWxldGUiOjEyMDAwMDAwMDAwMDAsInJlYWQiOjYwMDAwMDAwMDAwMCwidXBkYXRlIjoxMjAwMDAwMDAwMDAwfX0="
        },
        {
          "index_key": "servicecontrol.googleapis.com",
          "schema_version": 0,
          "attributes": {
            "disable_dependent_services": null,
            "disable_on_destroy": false,
            "id": "cloudy-demos/servicecontrol.googleapis.com",
            "project": "cloudy-demos",
            "service": "servicecontrol.googleapis.com",
            "timeouts": null
          },
          "sensitive_attributes": [],
          "private": "eyJlMmJmYjczMC1lY2FhLTExZTYtOGY4OC0zNDM2M2JjN2M0YzAiOnsiY3JlYXRlIjoxMjAwMDAwMDAwMDAwLCJkZWxldGUiOjEyMDAwMDAwMDAwMDAsInJlYWQiOjYwMDAwMDAwMDAwMCwidXBkYXRlIjoxMjAwMDAwMDAwMDAwfX0="
        },
        {
          "index_key": "servicemanagement.googleapis.com",
          "schema_version": 0,
          "attributes": {
            "disable_dependent_services": null,
            "disable_on_destroy": false,
            "id": "cloudy-demos/servicemanagement.googleapis.com",
            "project": "cloudy-demos",
            "service": "servicemanagement.googleapis.com",
            "timeouts": null
          },
          "sensitive_attributes": [],
          "private": "eyJlMmJmYjczMC1lY2FhLTExZTYtOGY4OC0zNDM2M2JjN2M0YzAiOnsiY3JlYXRlIjoxMjAwMDAwMDAwMDAwLCJkZWxldGUiOjEyMDAwMDAwMDAwMDAsInJlYWQiOjYwMDAwMDAwMDAwMCwidXBkYXRlIjoxMjAwMDAwMDAwMDAwfX0="
        },
        {
          "index_key": "storage-api.googleapis.com",
          "schema_version": 0,
          "attributes": {
            "disable_dependent_services": null,
            "disable_on_destroy": false,
            "id": "cloudy-demos/storage-api.googleapis.com",
            "project": "cloudy-demos",
            "service": "storage-api.googleapis.com",
            "timeouts": null
          },
          "sensitive_attributes": [],
          "private": "eyJlMmJmYjczMC1lY2FhLTExZTYtOGY4OC0zNDM2M2JjN2M0YzAiOnsiY3JlYXRlIjoxMjAwMDAwMDAwMDAwLCJkZWxldGUiOjEyMDAwMDAwMDAwMDAsInJlYWQiOjYwMDAwMDAwMDAwMCwidXBkYXRlIjoxMjAwMDAwMDAwMDAwfX0="
        }
      ]
    },
    {
      "mode": "managed",
      "type": "google_service_account",
      "name": "github_actions_user",
      "provider": "provider[\"registry.terraform.io/hashicorp/google\"]",
      "instances": [
        {
          "index_key": 0,
          "schema_version": 0,
          "attributes": {
            "account_id": "disco-github-actions-user",
            "description": "",
            "disabled": false,
            "display_name": "Service Account impersonated in mchmarny/disco GitHub Actions",
            "email": "disco-github-actions-user@cloudy-demos.iam.gserviceaccount.com",
            "id": "projects/cloudy-demos/serviceAccounts/disco-github-actions-user@cloudy-demos.iam.gserviceaccount.com",
            "member": "serviceAccount:disco-github-actions-user@cloudy-demos.iam.gserviceaccount.com",
            "name": "projects/cloudy-demos/serviceAccounts/disco-github-actions-user@cloudy-demos.iam.gserviceaccount.com",
            "project": "cloudy-demos",
            "timeouts": null,
            "unique_id": "103906885689520796874"
          },
          "sensitive_attributes": [],
          "private": "eyJlMmJmYjczMC1lY2FhLTExZTYtOGY4OC0zNDM2M2JjN2M0YzAiOnsiY3JlYXRlIjozMDAwMDAwMDAwMDB9fQ=="
        }
      ]
    },
    {
      "mode": "managed",
      "type": "google_service_account",
      "name": "runner_service_account",
      "provider": "provider[\"registry.terraform.io/hashicorp/google\"]",
      "instances": [
        {
          "schema_version": 0,
          "attributes": {
            "account_id": "disco-run-sa",
            "description": "",
            "disabled": false,
            "display_name": "Cloud Run service account for disco",
            "email": "disco-run-sa@cloudy-demos.iam.gserviceaccount.com",
            "id": "projects/cloudy-demos/serviceAccounts/disco-run-sa@cloudy-demos.iam.gserviceaccount.com",
            "member": "serviceAccount:disco-run-sa@cloudy-demos.iam.gserviceaccount.com",
            "name": "projects/cloudy-demos/serviceAccounts/disco-run-sa@cloudy-demos.iam.gserviceaccount.com",
            "project": "cloudy-demos",
            "timeouts": null,
            "unique_id": "112802673893119803245"
          },
          "sensitive_attributes": [],
          "private": "eyJlMmJmYjczMC1lY2FhLTExZTYtOGY4OC0zNDM2M2JjN2M0YzAiOnsiY3JlYXRlIjozMDAwMDAwMDAwMDB9fQ=="
        }
      ]
    },
    {
      "mode": "managed",
      "type": "google_service_account_iam_member",
      "name": "pool_impersonation",
      "provider": "provider[\"registry.terraform.io/hashicorp/google-beta\"]",
      "instances": [
        {
          "index_key": 0,
          "schema_version": 0,
          "attributes": {
            "condition": [],
            "etag": "BwXxPhZwAvI=",
            "id": "projects/cloudy-demos/serviceAccounts/disco-github-actions-user@cloudy-demos.iam.gserviceaccount.com/roles/iam.workloadIdentityUser/principalSet://iam.googleapis.com/projects/799736955886/locations/global/workloadIdentityPools/disco-github-pool/attribute.repository/mchmarny/disco",
            "member": "principalSet://iam.googleapis.com/projects/799736955886/locations/global/workloadIdentityPools/disco-github-pool/attribute.repository/mchmarny/disco",
            "role": "roles/iam.workloadIdentityUser",
            "service_account_id": "projects/cloudy-demos/serviceAccounts/disco-github-actions-user@cloudy-demos.iam.gserviceaccount.com"
          },
          "sensitive_attributes": [],
          "private": "bnVsbA==",
          "dependencies": [
            "google_iam_workload_identity_pool.github_pool",
            "google_service_account.github_actions_user"
          ]
        }
      ]
    },
    {
      "mode": "managed",
      "type": "google_storage_bucket",
      "name": "report_bucket",
      "provider": "provider[\"registry.terraform.io/hashicorp/google\"]",
      "instances": [
        {
          "schema_version": 0,
          "attributes": {
            "autoclass": [],
            "cors": [],
            "custom_placement_config": [],
            "default_event_based_hold": false,
            "encryption": [],
            "force_destroy": true,
            "id": "disco-cloudy-demos",
            "labels": {},
            "lifecycle_rule": [],
            "location": "US-WEST1",
            "logging": [],
            "name": "disco-cloudy-demos",
            "project": "cloudy-demos",
            "public_access_prevention": "inherited",
            "requester_pays": false,
            "retention_policy": [],
            "self_link": "https://www.googleapis.com/storage/v1/b/disco-cloudy-demos",
            "storage_class": "STANDARD",
            "timeouts": null,
            "uniform_bucket_level_access": true,
            "url": "gs://disco-cloudy-demos",
            "versioning": [],
            "website": []
          },
          "sensitive_attributes": [],
          "private": "eyJlMmJmYjczMC1lY2FhLTExZTYtOGY4OC0zNDM2M2JjN2M0YzAiOnsiY3JlYXRlIjoyNDAwMDAwMDAwMDAsInJlYWQiOjI0MDAwMDAwMDAwMCwidXBkYXRlIjoyNDAwMDAwMDAwMDB9fQ=="
        }
      ]
    },
    {
      "mode": "managed",
      "type": "google_storage_bucket_iam_binding",
      "name": "report_bucket_binding",
      "provider": "provider[\"registry.terraform.io/hashicorp/google\"]",
      "instances": [
        {
          "schema_version": 0,
          "attributes": {
            "bucket": "b/disco-cloudy-demos",
            "condition": [],
            "etag": "CAI=",
            "id": "b/disco-cloudy-demos/roles/storage.admin",
            "members": [
              "serviceAccount:disco-run-sa@cloudy-demos.iam.gserviceaccount.com"
            ],
            "role": "roles/storage.admin"
          },
          "sensitive_attributes": [],
          "private": "bnVsbA==",
          "dependencies": [
            "google_service_account.runner_service_account",
            "google_storage_bucket.report_bucket"
          ]
        }
      ]
    }
  ],
  "check_results": null
}
